
Microsoft Visual Studio Solution File, Format Version 12.00
# Visual Studio 15
VisualStudioVersion = 15.0.27703.2018
MinimumVisualStudioVersion = 10.0.40219.1
Project("{FAE04EC0-301F-11D3-BF4B-00C04F79EFBC}") = "Server02", "Server02\Server02.csproj", "{FF8909BD-669F-4FFA-A785-B6740BCDAD64}"
EndProject
Global
	GlobalSection(SolutionConfigurationPlatforms) = preSolution
		Debug|Any CPU = Debug|Any CPU
		Release|Any CPU = Release|Any CPU
	EndGlobalSection
	GlobalSection(ProjectConfigurationPlatforms) = postSolution
		{FF8909BD-669F-4FFA-A785-B6740BCDAD64}.Debug|Any CPU.ActiveCfg = Debug|Any CPU
		{FF8909BD-669F-4FFA-A785-B6740BCDAD64}.Debug|Any CPU.Build.0 = Debug|Any CPU
		{FF8909BD-669F-4FFA-A785-B6740BCDAD64}.Release|Any CPU.ActiveCfg = Release|Any CPU
		{FF8909BD-669F-4FFA-A785-B6740BCDAD64}.Release|Any CPU.Build.0 = Release|Any CPU
	EndGlobalSection
	GlobalSection(SolutionProperties) = preSolution
		HideSolutionNode = FALSE
	EndGlobalSection
	GlobalSection(ExtensibilityGlobals) = postSolution
		SolutionGuid = {386AE817-376D-4D33-852E-AC04F9BBC862}
	EndGlobalSection
EndGlobal
