
Microsoft Visual Studio Solution File, Format Version 12.00
# Visual Studio 15
Project("{FAE04EC0-301F-11D3-BF4B-00C04F79EFBC}") = "Lillyanna", "Assembly-CSharp.csproj", "{D8DB1CAF-81DA-072B-485F-84E98C89B957}"
EndProject
Project("{FAE04EC0-301F-11D3-BF4B-00C04F79EFBC}") = "Lillyanna", "Assembly-CSharp-Editor.csproj", "{BCA3F623-4AB7-6275-A7A3-E1B29693474C}"
EndProject
Global
	GlobalSection(SolutionConfigurationPlatforms) = preSolution
		Debug|Any CPU = Debug|Any CPU
		Release|Any CPU = Release|Any CPU
	EndGlobalSection
	GlobalSection(ProjectConfigurationPlatforms) = postSolution
		{D8DB1CAF-81DA-072B-485F-84E98C89B957}.Debug|Any CPU.ActiveCfg = Debug|Any CPU
		{D8DB1CAF-81DA-072B-485F-84E98C89B957}.Debug|Any CPU.Build.0 = Debug|Any CPU
		{D8DB1CAF-81DA-072B-485F-84E98C89B957}.Release|Any CPU.ActiveCfg = Release|Any CPU
		{D8DB1CAF-81DA-072B-485F-84E98C89B957}.Release|Any CPU.Build.0 = Release|Any CPU
		{BCA3F623-4AB7-6275-A7A3-E1B29693474C}.Debug|Any CPU.ActiveCfg = Debug|Any CPU
		{BCA3F623-4AB7-6275-A7A3-E1B29693474C}.Debug|Any CPU.Build.0 = Debug|Any CPU
		{BCA3F623-4AB7-6275-A7A3-E1B29693474C}.Release|Any CPU.ActiveCfg = Release|Any CPU
		{BCA3F623-4AB7-6275-A7A3-E1B29693474C}.Release|Any CPU.Build.0 = Release|Any CPU
	EndGlobalSection
	GlobalSection(SolutionProperties) = preSolution
		HideSolutionNode = FALSE
	EndGlobalSection
EndGlobal
